// !$*UTF8*$!
{
	archiveVersion = 1;
	classes = {
	};
	objectVersion = 50;
	objects = {

/* Begin PBXBuildFile section */
		7E092E9321F069E500461B50 /* AppDelegate.swift in Sources */ = {isa = PBXBuildFile; fileRef = 7E092E9221F069E500461B50 /* AppDelegate.swift */; };
		7E092E9521F069E500461B50 /* ViewController.swift in Sources */ = {isa = PBXBuildFile; fileRef = 7E092E9421F069E500461B50 /* ViewController.swift */; };
		7E092E9821F069E500461B50 /* Main.storyboard in Resources */ = {isa = PBXBuildFile; fileRef = 7E092E9621F069E500461B50 /* Main.storyboard */; };
		7E092E9A21F069E600461B50 /* Assets.xcassets in Resources */ = {isa = PBXBuildFile; fileRef = 7E092E9921F069E600461B50 /* Assets.xcassets */; };
		7E092E9D21F069E600461B50 /* LaunchScreen.storyboard in Resources */ = {isa = PBXBuildFile; fileRef = 7E092E9B21F069E600461B50 /* LaunchScreen.storyboard */; };
		7E092EA821F069E600461B50 /* HellowiOSTests.swift in Sources */ = {isa = PBXBuildFile; fileRef = 7E092EA721F069E600461B50 /* HellowiOSTests.swift */; };
		7E092EB321F069E600461B50 /* HellowiOSUITests.swift in Sources */ = {isa = PBXBuildFile; fileRef = 7E092EB221F069E600461B50 /* HellowiOSUITests.swift */; };
/* End PBXBuildFile section */

/* Begin PBXContainerItemProxy section */
		7E092EA421F069E600461B50 /* PBXContainerItemProxy */ = {
			isa = PBXContainerItemProxy;
			containerPortal = 7E092E8721F069E400461B50 /* Project object */;
			proxyType = 1;
			remoteGlobalIDString = 7E092E8E21F069E400461B50;
			remoteInfo = HellowiOS;
		};
		7E092EAF21F069E600461B50 /* PBXContainerItemProxy */ = {
			isa = PBXContainerItemProxy;
			containerPortal = 7E092E8721F069E400461B50 /* Project object */;
			proxyType = 1;
			remoteGlobalIDString = 7E092E8E21F069E400461B50;
			remoteInfo = HellowiOS;
		};
/* End PBXContainerItemProxy section */

/* Begin PBXFileReference section */
		7E092E8F21F069E400461B50 /* HellowiOS.app */ = {isa = PBXFileReference; explicitFileType = wrapper.application; includeInIndex = 0; path = HellowiOS.app; sourceTree = BUILT_PRODUCTS_DIR; };
		7E092E9221F069E500461B50 /* AppDelegate.swift */ = {isa = PBXFileReference; lastKnownFileType = sourcecode.swift; path = AppDelegate.swift; sourceTree = "<group>"; };
		7E092E9421F069E500461B50 /* ViewController.swift */ = {isa = PBXFileReference; lastKnownFileType = sourcecode.swift; path = ViewController.swift; sourceTree = "<group>"; };
		7E092E9721F069E500461B50 /* Base */ = {isa = PBXFileReference; lastKnownFileType = file.storyboard; name = Base; path = Base.lproj/Main.storyboard; sourceTree = "<group>"; };
		7E092E9921F069E600461B50 /* Assets.xcassets */ = {isa = PBXFileReference; lastKnownFileType = folder.assetcatalog; path = Assets.xcassets; sourceTree = "<group>"; };
		7E092E9C21F069E600461B50 /* Base */ = {isa = PBXFileReference; lastKnownFileType = file.storyboard; name = Base; path = Base.lproj/LaunchScreen.storyboard; sourceTree = "<group>"; };
		7E092E9E21F069E600461B50 /* Info.plist */ = {isa = PBXFileReference; lastKnownFileType = text.plist.xml; path = Info.plist; sourceTree = "<group>"; };
		7E092EA321F069E600461B50 /* HellowiOSTests.xctest */ = {isa = PBXFileReference; explicitFileType = wrapper.cfbundle; includeInIndex = 0; path = HellowiOSTests.xctest; sourceTree = BUILT_PRODUCTS_DIR; };
		7E092EA721F069E600461B50 /* HellowiOSTests.swift */ = {isa = PBXFileReference; lastKnownFileType = sourcecode.swift; path = HellowiOSTests.swift; sourceTree = "<group>"; };
		7E092EA921F069E600461B50 /* Info.plist */ = {isa = PBXFileReference; lastKnownFileType = text.plist.xml; path = Info.plist; sourceTree = "<group>"; };
		7E092EAE21F069E600461B50 /* HellowiOSUITests.xctest */ = {isa = PBXFileReference; explicitFileType = wrapper.cfbundle; includeInIndex = 0; path = HellowiOSUITests.xctest; sourceTree = BUILT_PRODUCTS_DIR; };
		7E092EB221F069E600461B50 /* HellowiOSUITests.swift */ = {isa = PBXFileReference; lastKnownFileType = sourcecode.swift; path = HellowiOSUITests.swift; sourceTree = "<group>"; };
		7E092EB421F069E600461B50 /* Info.plist */ = {isa = PBXFileReference; lastKnownFileType = text.plist.xml; path = Info.plist; sourceTree = "<group>"; };
/* End PBXFileReference section */

/* Begin PBXFrameworksBuildPhase section */
		7E092E8C21F069E400461B50 /* Frameworks */ = {
			isa = PBXFrameworksBuildPhase;
			buildActionMask = 2147483647;
			files = (
			);
			runOnlyForDeploymentPostprocessing = 0;
		};
		7E092EA021F069E600461B50 /* Frameworks */ = {
			isa = PBXFrameworksBuildPhase;
			buildActionMask = 2147483647;
			files = (
			);
			runOnlyForDeploymentPostprocessing = 0;
		};
		7E092EAB21F069E600461B50 /* Frameworks */ = {
			isa = PBXFrameworksBuildPhase;
			buildActionMask = 2147483647;
			files = (
			);
			runOnlyForDeploymentPostprocessing = 0;
		};
/* End PBXFrameworksBuildPhase section */

/* Begin PBXGroup section */
		7E092E8621F069E400461B50 = {
			isa = PBXGroup;
			children = (
				7E092E9121F069E400461B50 /* HellowiOS */,
				7E092EA621F069E600461B50 /* HellowiOSTests */,
				7E092EB121F069E600461B50 /* HellowiOSUITests */,
				7E092E9021F069E400461B50 /* Products */,
			);
			sourceTree = "<group>";
		};
		7E092E9021F069E400461B50 /* Products */ = {
			isa = PBXGroup;
			children = (
				7E092E8F21F069E400461B50 /* HellowiOS.app */,
				7E092EA321F069E600461B50 /* HellowiOSTests.xctest */,
				7E092EAE21F069E600461B50 /* HellowiOSUITests.xctest */,
			);
			name = Products;
			sourceTree = "<group>";
		};
		7E092E9121F069E400461B50 /* HellowiOS */ = {
			isa = PBXGroup;
			children = (
				7E092E9221F069E500461B50 /* AppDelegate.swift */,
				7E092E9421F069E500461B50 /* ViewController.swift */,
				7E092E9621F069E500461B50 /* Main.storyboard */,
				7E092E9921F069E600461B50 /* Assets.xcassets */,
				7E092E9B21F069E600461B50 /* LaunchScreen.storyboard */,
				7E092E9E21F069E600461B50 /* Info.plist */,
			);
			path = HellowiOS;
			sourceTree = "<group>";
		};
		7E092EA621F069E600461B50 /* HellowiOSTests */ = {
			isa = PBXGroup;
			children = (
				7E092EA721F069E600461B50 /* HellowiOSTests.swift */,
				7E092EA921F069E600461B50 /* Info.plist */,
			);
			path = HellowiOSTests;
			sourceTree = "<group>";
		};
		7E092EB121F069E600461B50 /* HellowiOSUITests */ = {
			isa = PBXGroup;
			children = (
				7E092EB221F069E600461B50 /* HellowiOSUITests.swift */,
				7E092EB421F069E600461B50 /* Info.plist */,
			);
			path = HellowiOSUITests;
			sourceTree = "<group>";
		};
/* End PBXGroup section */

/* Begin PBXNativeTarget section */
		7E092E8E21F069E400461B50 /* HellowiOS */ = {
			isa = PBXNativeTarget;
			buildConfigurationList = 7E092EB721F069E600461B50 /* Build configuration list for PBXNativeTarget "HellowiOS" */;
			buildPhases = (
				7E092E8B21F069E400461B50 /* Sources */,
				7E092E8C21F069E400461B50 /* Frameworks */,
				7E092E8D21F069E400461B50 /* Resources */,
			);
			buildRules = (
			);
			dependencies = (
			);
			name = HellowiOS;
			productName = HellowiOS;
			productReference = 7E092E8F21F069E400461B50 /* HellowiOS.app */;
			productType = "com.apple.product-type.application";
		};
		7E092EA221F069E600461B50 /* HellowiOSTests */ = {
			isa = PBXNativeTarget;
			buildConfigurationList = 7E092EBA21F069E600461B50 /* Build configuration list for PBXNativeTarget "HellowiOSTests" */;
			buildPhases = (
				7E092E9F21F069E600461B50 /* Sources */,
				7E092EA021F069E600461B50 /* Frameworks */,
				7E092EA121F069E600461B50 /* Resources */,
			);
			buildRules = (
			);
			dependencies = (
				7E092EA521F069E600461B50 /* PBXTargetDependency */,
			);
			name = HellowiOSTests;
			productName = HellowiOSTests;
			productReference = 7E092EA321F069E600461B50 /* HellowiOSTests.xctest */;
			productType = "com.apple.product-type.bundle.unit-test";
		};
		7E092EAD21F069E600461B50 /* HellowiOSUITests */ = {
			isa = PBXNativeTarget;
			buildConfigurationList = 7E092EBD21F069E600461B50 /* Build configuration list for PBXNativeTarget "HellowiOSUITests" */;
			buildPhases = (
				7E092EAA21F069E600461B50 /* Sources */,
				7E092EAB21F069E600461B50 /* Frameworks */,
				7E092EAC21F069E600461B50 /* Resources */,
			);
			buildRules = (
			);
			dependencies = (
				7E092EB021F069E600461B50 /* PBXTargetDependency */,
			);
			name = HellowiOSUITests;
			productName = HellowiOSUITests;
			productReference = 7E092EAE21F069E600461B50 /* HellowiOSUITests.xctest */;
			productType = "com.apple.product-type.bundle.ui-testing";
		};
/* End PBXNativeTarget section */

/* Begin PBXProject section */
		7E092E8721F069E400461B50 /* Project object */ = {
			isa = PBXProject;
			attributes = {
				LastSwiftUpdateCheck = 1010;
				LastUpgradeCheck = 1010;
				ORGANIZATIONNAME = pridesys;
				TargetAttributes = {
					7E092E8E21F069E400461B50 = {
						CreatedOnToolsVersion = 10.1;
					};
					7E092EA221F069E600461B50 = {
						CreatedOnToolsVersion = 10.1;
						TestTargetID = 7E092E8E21F069E400461B50;
					};
					7E092EAD21F069E600461B50 = {
						CreatedOnToolsVersion = 10.1;
						TestTargetID = 7E092E8E21F069E400461B50;
					};
				};
			};
			buildConfigurationList = 7E092E8A21F069E400461B50 /* Build configuration list for PBXProject "HellowiOS" */;
			compatibilityVersion = "Xcode 9.3";
			developmentRegion = en;
			hasScannedForEncodings = 0;
			knownRegions = (
				en,
				Base,
			);
			mainGroup = 7E092E8621F069E400461B50;
			productRefGroup = 7E092E9021F069E400461B50 /* Products */;
			projectDirPath = "";
			projectRoot = "";
			targets = (
				7E092E8E21F069E400461B50 /* HellowiOS */,
				7E092EA221F069E600461B50 /* HellowiOSTests */,
				7E092EAD21F069E600461B50 /* HellowiOSUITests */,
			);
		};
/* End PBXProject section */

/* Begin PBXResourcesBuildPhase section */
		7E092E8D21F069E400461B50 /* Resources */ = {
			isa = PBXResourcesBuildPhase;
			buildActionMask = 2147483647;
			files = (
				7E092E9D21F069E600461B50 /* LaunchScreen.storyboard in Resources */,
				7E092E9A21F069E600461B50 /* Assets.xcassets in Resources */,
				7E092E9821F069E500461B50 /* Main.storyboard in Resources */,
			);
			runOnlyForDeploymentPostprocessing = 0;
		};
		7E092EA121F069E600461B50 /* Resources */ = {
			isa = PBXResourcesBuildPhase;
			buildActionMask = 2147483647;
			files = (
			);
			runOnlyForDeploymentPostprocessing = 0;
		};
		7E092EAC21F069E600461B50 /* Resources */ = {
			isa = PBXResourcesBuildPhase;
			buildActionMask = 2147483647;
			files = (
			);
			runOnlyForDeploymentPostprocessing = 0;
		};
/* End PBXResourcesBuildPhase section */

/* Begin PBXSourcesBuildPhase section */
		7E092E8B21F069E400461B50 /* Sources */ = {
			isa = PBXSourcesBuildPhase;
			buildActionMask = 2147483647;
			files = (
				7E092E9521F069E500461B50 /* ViewController.swift in Sources */,
				7E092E9321F069E500461B50 /* AppDelegate.swift in Sources */,
			);
			runOnlyForDeploymentPostprocessing = 0;
		};
		7E092E9F21F069E600461B50 /* Sources */ = {
			isa = PBXSourcesBuildPhase;
			buildActionMask = 2147483647;
			files = (
				7E092EA821F069E600461B50 /* HellowiOSTests.swift in Sources */,
			);
			runOnlyForDeploymentPostprocessing = 0;
		};
		7E092EAA21F069E600461B50 /* Sources */ = {
			isa = PBXSourcesBuildPhase;
			buildActionMask = 2147483647;
			files = (
				7E092EB321F069E600461B50 /* HellowiOSUITests.swift in Sources */,
			);
			runOnlyForDeploymentPostprocessing = 0;
		};
/* End PBXSourcesBuildPhase section */

/* Begin PBXTargetDependency section */
		7E092EA521F069E600461B50 /* PBXTargetDependency */ = {
			isa = PBXTargetDependency;
			target = 7E092E8E21F069E400461B50 /* HellowiOS */;
			targetProxy = 7E092EA421F069E600461B50 /* PBXContainerItemProxy */;
		};
		7E092EB021F069E600461B50 /* PBXTargetDependency */ = {
			isa = PBXTargetDependency;
			target = 7E092E8E21F069E400461B50 /* HellowiOS */;
			targetProxy = 7E092EAF21F069E600461B50 /* PBXContainerItemProxy */;
		};
/* End PBXTargetDependency section */

/* Begin PBXVariantGroup section */
		7E092E9621F069E500461B50 /* Main.storyboard */ = {
			isa = PBXVariantGroup;
			children = (
				7E092E9721F069E500461B50 /* Base */,
			);
			name = Main.storyboard;
			sourceTree = "<group>";
		};
		7E092E9B21F069E600461B50 /* LaunchScreen.storyboard */ = {
			isa = PBXVariantGroup;
			children = (
				7E092E9C21F069E600461B50 /* Base */,
			);
			name = LaunchScreen.storyboard;
			sourceTree = "<group>";
		};
/* End PBXVariantGroup section */

/* Begin XCBuildConfiguration section */
		7E092EB521F069E600461B50 /* Debug */ = {
			isa = XCBuildConfiguration;
			buildSettings = {
				ALWAYS_SEARCH_USER_PATHS = NO;
				CLANG_ANALYZER_NONNULL = YES;
				CLANG_ANALYZER_NUMBER_OBJECT_CONVERSION = YES_AGGRESSIVE;
				CLANG_CXX_LANGUAGE_STANDARD = "gnu++14";
				CLANG_CXX_LIBRARY = "libc++";
				CLANG_ENABLE_MODULES = YES;
				CLANG_ENABLE_OBJC_ARC = YES;
				CLANG_ENABLE_OBJC_WEAK = YES;
				CLANG_WARN_BLOCK_CAPTURE_AUTORELEASING = YES;
				CLANG_WARN_BOOL_CONVERSION = YES;
				CLANG_WARN_COMMA = YES;
				CLANG_WARN_CONSTANT_CONVERSION = YES;
				CLANG_WARN_DEPRECATED_OBJC_IMPLEMENTATIONS = YES;
				CLANG_WARN_DIRECT_OBJC_ISA_USAGE = YES_ERROR;
				CLANG_WARN_DOCUMENTATION_COMMENTS = YES;
				CLANG_WARN_EMPTY_BODY = YES;
				CLANG_WARN_ENUM_CONVERSION = YES;
				CLANG_WARN_INFINITE_RECURSION = YES;
				CLANG_WARN_INT_CONVERSION = YES;
				CLANG_WARN_NON_LITERAL_NULL_CONVERSION = YES;
				CLANG_WARN_OBJC_IMPLICIT_RETAIN_SELF = YES;
				CLANG_WARN_OBJC_LITERAL_CONVERSION = YES;
				CLANG_WARN_OBJC_ROOT_CLASS = YES_ERROR;
				CLANG_WARN_RANGE_LOOP_ANALYSIS = YES;
				CLANG_WARN_STRICT_PROTOTYPES = YES;
				CLANG_WARN_SUSPICIOUS_MOVE = YES;
				CLANG_WARN_UNGUARDED_AVAILABILITY = YES_AGGRESSIVE;
				CLANG_WARN_UNREACHABLE_CODE = YES;
				CLANG_WARN__DUPLICATE_METHOD_MATCH = YES;
				CODE_SIGN_IDENTITY = "iPhone Developer";
				COPY_PHASE_STRIP = NO;
				DEBUG_INFORMATION_FORMAT = dwarf;
				ENABLE_STRICT_OBJC_MSGSEND = YES;
				ENABLE_TESTABILITY = YES;
				GCC_C_LANGUAGE_STANDARD = gnu11;
				GCC_DYNAMIC_NO_PIC = NO;
				GCC_NO_COMMON_BLOCKS = YES;
				GCC_OPTIMIZATION_LEVEL = 0;
				GCC_PREPROCESSOR_DEFINITIONS = (
					"DEBUG=1",
					"$(inherited)",
				);
				GCC_WARN_64_TO_32_BIT_CONVERSION = YES;
				GCC_WARN_ABOUT_RETURN_TYPE = YES_ERROR;
				GCC_WARN_UNDECLARED_SELECTOR = YES;
				GCC_WARN_UNINITIALIZED_AUTOS = YES_AGGRESSIVE;
				GCC_WARN_UNUSED_FUNCTION = YES;
				GCC_WARN_UNUSED_VARIABLE = YES;
				IPHONEOS_DEPLOYMENT_TARGET = 12.1;
				MTL_ENABLE_DEBUG_INFO = INCLUDE_SOURCE;
				MTL_FAST_MATH = YES;
				ONLY_ACTIVE_ARCH = YES;
				SDKROOT = iphoneos;
				SWIFT_ACTIVE_COMPILATION_CONDITIONS = DEBUG;
				SWIFT_OPTIMIZATION_LEVEL = "-Onone";
			};
			name = Debug;
		};
		7E092EB621F069E600461B50 /* Release */ = {
			isa = XCBuildConfiguration;
			buildSettings = {
				ALWAYS_SEARCH_USER_PATHS = NO;
				CLANG_ANALYZER_NONNULL = YES;
				CLANG_ANALYZER_NUMBER_OBJECT_CONVERSION = YES_AGGRESSIVE;
				CLANG_CXX_LANGUAGE_STANDARD = "gnu++14";
				CLANG_CXX_LIBRARY = "libc++";
				CLANG_ENABLE_MODULES = YES;
				CLANG_ENABLE_OBJC_ARC = YES;
				CLANG_ENABLE_OBJC_WEAK = YES;
				CLANG_WARN_BLOCK_CAPTURE_AUTORELEASING = YES;
				CLANG_WARN_BOOL_CONVERSION = YES;
				CLANG_WARN_COMMA = YES;
				CLANG_WARN_CONSTANT_CONVERSION = YES;
				CLANG_WARN_DEPRECATED_OBJC_IMPLEMENTATIONS = YES;
				CLANG_WARN_DIRECT_OBJC_ISA_USAGE = YES_ERROR;
				CLANG_WARN_DOCUMENTATION_COMMENTS = YES;
				CLANG_WARN_EMPTY_BODY = YES;
				CLANG_WARN_ENUM_CONVERSION = YES;
				CLANG_WARN_INFINITE_RECURSION = YES;
				CLANG_WARN_INT_CONVERSION = YES;
				CLANG_WARN_NON_LITERAL_NULL_CONVERSION = YES;
				CLANG_WARN_OBJC_IMPLICIT_RETAIN_SELF = YES;
				CLANG_WARN_OBJC_LITERAL_CONVERSION = YES;
				CLANG_WARN_OBJC_ROOT_CLASS = YES_ERROR;
				CLANG_WARN_RANGE_LOOP_ANALYSIS = YES;
				CLANG_WARN_STRICT_PROTOTYPES = YES;
				CLANG_WARN_SUSPICIOUS_MOVE = YES;
				CLANG_WARN_UNGUARDED_AVAILABILITY = YES_AGGRESSIVE;
				CLANG_WARN_UNREACHABLE_CODE = YES;
				CLANG_WARN__DUPLICATE_METHOD_MATCH = YES;
				CODE_SIGN_IDENTITY = "iPhone Developer";
				COPY_PHASE_STRIP = NO;
				DEBUG_INFORMATION_FORMAT = "dwarf-with-dsym";
				ENABLE_NS_ASSERTIONS = NO;
				ENABLE_STRICT_OBJC_MSGSEND = YES;
				GCC_C_LANGUAGE_STANDARD = gnu11;
				GCC_NO_COMMON_BLOCKS = YES;
				GCC_WARN_64_TO_32_BIT_CONVERSION = YES;
				GCC_WARN_ABOUT_RETURN_TYPE = YES_ERROR;
				GCC_WARN_UNDECLARED_SELECTOR = YES;
				GCC_WARN_UNINITIALIZED_AUTOS = YES_AGGRESSIVE;
				GCC_WARN_UNUSED_FUNCTION = YES;
				GCC_WARN_UNUSED_VARIABLE = YES;
				IPHONEOS_DEPLOYMENT_TARGET = 12.1;
				MTL_ENABLE_DEBUG_INFO = NO;
				MTL_FAST_MATH = YES;
				SDKROOT = iphoneos;
				SWIFT_COMPILATION_MODE = wholemodule;
				SWIFT_OPTIMIZATION_LEVEL = "-O";
				VALIDATE_PRODUCT = YES;
			};
			name = Release;
		};
		7E092EB821F069E600461B50 /* Debug */ = {
			isa = XCBuildConfiguration;
			buildSettings = {
				ASSETCATALOG_COMPILER_APPICON_NAME = AppIcon;
				CODE_SIGN_STYLE = Automatic;
				INFOPLIST_FILE = HellowiOS/Info.plist;
				LD_RUNPATH_SEARCH_PATHS = (
					"$(inherited)",
					"@executable_path/Frameworks",
				);
				PRODUCT_BUNDLE_IDENTIFIER = yeasin.HellowiOS;
				PRODUCT_NAME = "$(TARGET_NAME)";
				SWIFT_VERSION = 4.2;
				TARGETED_DEVICE_FAMILY = "1,2";
			};
			name = Debug;
		};
		7E092EB921F069E600461B50 /* Release */ = {
			isa = XCBuildConfiguration;
			buildSettings = {
				ASSETCATALOG_COMPILER_APPICON_NAME = AppIcon;
				CODE_SIGN_STYLE = Automatic;
				INFOPLIST_FILE = HellowiOS/Info.plist;
				LD_RUNPATH_SEARCH_PATHS = (
					"$(inherited)",
					"@executable_path/Frameworks",
				);
				PRODUCT_BUNDLE_IDENTIFIER = yeasin.HellowiOS;
				PRODUCT_NAME = "$(TARGET_NAME)";
				SWIFT_VERSION = 4.2;
				TARGETED_DEVICE_FAMILY = "1,2";
			};
			name = Release;
		};
		7E092EBB21F069E600461B50 /* Debug */ = {
			isa = XCBuildConfiguration;
			buildSettings = {
				ALWAYS_EMBED_SWIFT_STANDARD_LIBRARIES = YES;
				BUNDLE_LOADER = "$(TEST_HOST)";
				CODE_SIGN_STYLE = Automatic;
				INFOPLIST_FILE = HellowiOSTests/Info.plist;
				LD_RUNPATH_SEARCH_PATHS = (
					"$(inherited)",
					"@executable_path/Frameworks",
					"@loader_path/Frameworks",
				);
				PRODUCT_BUNDLE_IDENTIFIER = pridesys.HellowiOSTests;
				PRODUCT_NAME = "$(TARGET_NAME)";
				SWIFT_VERSION = 4.2;
				TARGETED_DEVICE_FAMILY = "1,2";
				TEST_HOST = "$(BUILT_PRODUCTS_DIR)/HellowiOS.app/HellowiOS";
			};
			name = Debug;
		};
		7E092EBC21F069E600461B50 /* Release */ = {
			isa = XCBuildConfiguration;
			buildSettings = {
				ALWAYS_EMBED_SWIFT_STANDARD_LIBRARIES = YES;
				BUNDLE_LOADER = "$(TEST_HOST)";
				CODE_SIGN_STYLE = Automatic;
				INFOPLIST_FILE = HellowiOSTests/Info.plist;
				LD_RUNPATH_SEARCH_PATHS = (
					"$(inherited)",
					"@executable_path/Frameworks",
					"@loader_path/Frameworks",
				);
				PRODUCT_BUNDLE_IDENTIFIER = pridesys.HellowiOSTests;
				PRODUCT_NAME = "$(TARGET_NAME)";
				SWIFT_VERSION = 4.2;
				TARGETED_DEVICE_FAMILY = "1,2";
				TEST_HOST = "$(BUILT_PRODUCTS_DIR)/HellowiOS.app/HellowiOS";
			};
			name = Release;
		};
		7E092EBE21F069E600461B50 /* Debug */ = {
			isa = XCBuildConfiguration;
			buildSettings = {
				ALWAYS_EMBED_SWIFT_STANDARD_LIBRARIES = YES;
				CODE_SIGN_STYLE = Automatic;
				INFOPLIST_FILE = HellowiOSUITests/Info.plist;
				LD_RUNPATH_SEARCH_PATHS = (
					"$(inherited)",
					"@executable_path/Frameworks",
					"@loader_path/Frameworks",
				);
				PRODUCT_BUNDLE_IDENTIFIER = pridesys.HellowiOSUITests;
				PRODUCT_NAME = "$(TARGET_NAME)";
				SWIFT_VERSION = 4.2;
				TARGETED_DEVICE_FAMILY = "1,2";
				TEST_TARGET_NAME = HellowiOS;
			};
			name = Debug;
		};
		7E092EBF21F069E600461B50 /* Release */ = {
			isa = XCBuildConfiguration;
			buildSettings = {
				ALWAYS_EMBED_SWIFT_STANDARD_LIBRARIES = YES;
				CODE_SIGN_STYLE = Automatic;
				INFOPLIST_FILE = HellowiOSUITests/Info.plist;
				LD_RUNPATH_SEARCH_PATHS = (
					"$(inherited)",
					"@executable_path/Frameworks",
					"@loader_path/Frameworks",
				);
				PRODUCT_BUNDLE_IDENTIFIER = pridesys.HellowiOSUITests;
				PRODUCT_NAME = "$(TARGET_NAME)";
				SWIFT_VERSION = 4.2;
				TARGETED_DEVICE_FAMILY = "1,2";
				TEST_TARGET_NAME = HellowiOS;
			};
			name = Release;
		};
/* End XCBuildConfiguration section */

/* Begin XCConfigurationList section */
		7E092E8A21F069E400461B50 /* Build configuration list for PBXProject "HellowiOS" */ = {
			isa = XCConfigurationList;
			buildConfigurations = (
				7E092EB521F069E600461B50 /* Debug */,
				7E092EB621F069E600461B50 /* Release */,
			);
			defaultConfigurationIsVisible = 0;
			defaultConfigurationName = Release;
		};
		7E092EB721F069E600461B50 /* Build configuration list for PBXNativeTarget "HellowiOS" */ = {
			isa = XCConfigurationList;
			buildConfigurations = (
				7E092EB821F069E600461B50 /* Debug */,
				7E092EB921F069E600461B50 /* Release */,
			);
			defaultConfigurationIsVisible = 0;
			defaultConfigurationName = Release;
		};
		7E092EBA21F069E600461B50 /* Build configuration list for PBXNativeTarget "HellowiOSTests" */ = {
			isa = XCConfigurationList;
			buildConfigurations = (
				7E092EBB21F069E600461B50 /* Debug */,
				7E092EBC21F069E600461B50 /* Release */,
			);
			defaultConfigurationIsVisible = 0;
			defaultConfigurationName = Release;
		};
		7E092EBD21F069E600461B50 /* Build configuration list for PBXNativeTarget "HellowiOSUITests" */ = {
			isa = XCConfigurationList;
			buildConfigurations = (
				7E092EBE21F069E600461B50 /* Debug */,
				7E092EBF21F069E600461B50 /* Release */,
			);
			defaultConfigurationIsVisible = 0;
			defaultConfigurationName = Release;
		};
/* End XCConfigurationList section */
	};
	rootObject = 7E092E8721F069E400461B50 /* Project object */;
}
